[{<<"appl_server">>,
  {git,"https://github.com/joq62/appl_server.git",
       {ref,"9536046bd593e75ca891fcc603b22e93d3a17971"}},
  0},
 {<<"cmn_server">>,
  {git,"https://github.com/joq62/cmn_server.git",
       {ref,"2b77cd121460382565b0d5f99e036a593b469cba"}},
  0},
 {<<"connect">>,
  {git,"https://github.com/joq62/connect.git",
       {ref,"daaa44c37787a80e4d353325cde19ba97929ae57"}},
  0},
 {<<"control_server">>,
  {git,"https://github.com/joq62/control_server.git",
       {ref,"83d9c28c377257ec4493161c098b2a50c5e1d4a1"}},
  0},
 {<<"log">>,
  {git,"https://github.com/joq62/log.git",
       {ref,"e383a11cf4f434e15283693e6f240710e6b091c4"}},
  0},
 {<<"service_discovery">>,
  {git,"https://github.com/joq62/service_discovery.git",
       {ref,"ba0ceb3417e5dc315e96ce600b6809dbad8e5920"}},
  0}].
