[{<<"appl_server">>,
  {git,"https://github.com/joq62/appl_server.git",
       {ref,"473c64f39c1432be8b7ee7b41c3e9dce993cc597"}},
  0},
 {<<"cmn_server">>,
  {git,"https://github.com/joq62/cmn_server.git",
       {ref,"2b77cd121460382565b0d5f99e036a593b469cba"}},
  0},
 {<<"connect">>,
  {git,"https://github.com/joq62/connect.git",
       {ref,"daaa44c37787a80e4d353325cde19ba97929ae57"}},
  0},
 {<<"control_server">>,
  {git,"https://github.com/joq62/control_server.git",
       {ref,"caa0f3057cad52f46b7120d2b8b34c04845cc9b6"}},
  0},
 {<<"log">>,
  {git,"https://github.com/joq62/log.git",
       {ref,"56839a92ccdad701b5e6e193d6e4af1e6cff4cf8"}},
  0},
 {<<"service_discovery">>,
  {git,"https://github.com/joq62/service_discovery.git",
       {ref,"ba0ceb3417e5dc315e96ce600b6809dbad8e5920"}},
  0}].
