[{<<"etcd">>,
  {git,"https://github.com/joq62/etcd.git",
       {ref,"e868b53fb4472def42207bbe403ddef910cabac0"}},
  0},
 {<<"log">>,
  {git,"https://github.com/joq62/log.git",
       {ref,"ea0593ff298a4987dfa9b32389c56faf2c9152a0"}},
  0},
 {<<"resource_discovery">>,
  {git,"https://github.com/joq62/resource_discovery.git",
       {ref,"353a4cff1655d5dfe3c0590a8d6616bbe08bf714"}},
  0}].
